
Microsoft Visual Studio Solution File, Format Version 12.00
# Visual Studio Version 16
VisualStudioVersion = 16.0.32106.194
MinimumVisualStudioVersion = 10.0.40219.1
Project("{FAE04EC0-301F-11D3-BF4B-00C04F79EFBC}") = "Elephant", "Elephant\Elephant.csproj", "{11C64D6C-9845-432C-A45A-F23C3901EFED}"
EndProject
Global
	GlobalSection(SolutionConfigurationPlatforms) = preSolution
		Debug|Any CPU = Debug|Any CPU
		Release|Any CPU = Release|Any CPU
	EndGlobalSection
	GlobalSection(ProjectConfigurationPlatforms) = postSolution
		{11C64D6C-9845-432C-A45A-F23C3901EFED}.Debug|Any CPU.ActiveCfg = Debug|Any CPU
		{11C64D6C-9845-432C-A45A-F23C3901EFED}.Debug|Any CPU.Build.0 = Debug|Any CPU
		{11C64D6C-9845-432C-A45A-F23C3901EFED}.Release|Any CPU.ActiveCfg = Release|Any CPU
		{11C64D6C-9845-432C-A45A-F23C3901EFED}.Release|Any CPU.Build.0 = Release|Any CPU
	EndGlobalSection
	GlobalSection(SolutionProperties) = preSolution
		HideSolutionNode = FALSE
	EndGlobalSection
	GlobalSection(ExtensibilityGlobals) = postSolution
		SolutionGuid = {599597D2-53BC-49C4-9D26-ABE3CD317EF6}
	EndGlobalSection
EndGlobal
